
Microsoft Visual Studio Solution File, Format Version 12.00
# Visual Studio Version 17
VisualStudioVersion = 17.14.36301.6
MinimumVisualStudioVersion = 10.0.40219.1
Project("{FAE04EC0-301F-11D3-BF4B-00C04F79EFBC}") = "TelemetryApi", "TelemetryApi\TelemetryApi.csproj", "{D9AC51AB-FC54-1C48-73BA-43A8503F8FDE}"
EndProject
Project("{FAE04EC0-301F-11D3-BF4B-00C04F79EFBC}") = "Telemetry.Data", "Telemetry.Data\Telemetry.Data.csproj", "{F0B0A188-30A3-4393-8478-3F0245949B7D}"
EndProject
Project("{FAE04EC0-301F-11D3-BF4B-00C04F79EFBC}") = "Telemetry.Business", "Telemetry.Business\Telemetry.Business.csproj", "{F8996710-96E2-44D9-951E-3900195C48FA}"
EndProject
Project("{FAE04EC0-301F-11D3-BF4B-00C04F79EFBC}") = "Telemetry.Repositories", "Telemetry.Repositories\Telemetry.Repositories.csproj", "{59240066-0B24-4E8F-A9EB-F7582FB6FAEE}"
EndProject
Global
	GlobalSection(SolutionConfigurationPlatforms) = preSolution
		Debug|Any CPU = Debug|Any CPU
		Release|Any CPU = Release|Any CPU
	EndGlobalSection
	GlobalSection(ProjectConfigurationPlatforms) = postSolution
		{D9AC51AB-FC54-1C48-73BA-43A8503F8FDE}.Debug|Any CPU.ActiveCfg = Debug|Any CPU
		{D9AC51AB-FC54-1C48-73BA-43A8503F8FDE}.Debug|Any CPU.Build.0 = Debug|Any CPU
		{D9AC51AB-FC54-1C48-73BA-43A8503F8FDE}.Release|Any CPU.ActiveCfg = Release|Any CPU
		{D9AC51AB-FC54-1C48-73BA-43A8503F8FDE}.Release|Any CPU.Build.0 = Release|Any CPU
		{F0B0A188-30A3-4393-8478-3F0245949B7D}.Debug|Any CPU.ActiveCfg = Debug|Any CPU
		{F0B0A188-30A3-4393-8478-3F0245949B7D}.Debug|Any CPU.Build.0 = Debug|Any CPU
		{F0B0A188-30A3-4393-8478-3F0245949B7D}.Release|Any CPU.ActiveCfg = Release|Any CPU
		{F0B0A188-30A3-4393-8478-3F0245949B7D}.Release|Any CPU.Build.0 = Release|Any CPU
		{F8996710-96E2-44D9-951E-3900195C48FA}.Debug|Any CPU.ActiveCfg = Debug|Any CPU
		{F8996710-96E2-44D9-951E-3900195C48FA}.Debug|Any CPU.Build.0 = Debug|Any CPU
		{F8996710-96E2-44D9-951E-3900195C48FA}.Release|Any CPU.ActiveCfg = Release|Any CPU
		{F8996710-96E2-44D9-951E-3900195C48FA}.Release|Any CPU.Build.0 = Release|Any CPU
		{59240066-0B24-4E8F-A9EB-F7582FB6FAEE}.Debug|Any CPU.ActiveCfg = Debug|Any CPU
		{59240066-0B24-4E8F-A9EB-F7582FB6FAEE}.Debug|Any CPU.Build.0 = Debug|Any CPU
		{59240066-0B24-4E8F-A9EB-F7582FB6FAEE}.Release|Any CPU.ActiveCfg = Release|Any CPU
		{59240066-0B24-4E8F-A9EB-F7582FB6FAEE}.Release|Any CPU.Build.0 = Release|Any CPU
	EndGlobalSection
	GlobalSection(SolutionProperties) = preSolution
		HideSolutionNode = FALSE
	EndGlobalSection
	GlobalSection(ExtensibilityGlobals) = postSolution
		SolutionGuid = {9E690B8A-2D70-406B-B23C-1239B7A44F46}
	EndGlobalSection
EndGlobal
